
Microsoft Visual Studio Solution File, Format Version 12.00
# Visual Studio Version 17
VisualStudioVersion = 17.0.31903.59
MinimumVisualStudioVersion = 10.0.40219.1
Project("{FAE04EC0-301F-11D3-BF4B-00C04F79EFBC}") = "Chat.Proto", "Chat.Proto\Chat.Proto.csproj", "{A4B9723E-F054-458C-8C58-1A619BB9C8E1}"
EndProject
Project("{FAE04EC0-301F-11D3-BF4B-00C04F79EFBC}") = "Chat.Server", "Chat.Server\Chat.Server.csproj", "{003B133F-351D-47BB-9E0F-7A041A9A1E7D}"
EndProject
Project("{FAE04EC0-301F-11D3-BF4B-00C04F79EFBC}") = "Chat.Tests", "Chat.Tests\Chat.Tests.csproj", "{DFD3F42B-65DD-48FA-8A4E-3D382A321B6C}"
EndProject
Project("{FAE04EC0-301F-11D3-BF4B-00C04F79EFBC}") = "Chat.Client", "Chat.Client\Chat.Client.csproj", "{3514869E-B86B-4A94-B753-77F45D4EDEAA}"
EndProject
Global
	GlobalSection(SolutionConfigurationPlatforms) = preSolution
		Debug|Any CPU = Debug|Any CPU
		Debug|x64 = Debug|x64
		Debug|x86 = Debug|x86
		Release|Any CPU = Release|Any CPU
		Release|x64 = Release|x64
		Release|x86 = Release|x86
	EndGlobalSection
	GlobalSection(ProjectConfigurationPlatforms) = postSolution
		{A4B9723E-F054-458C-8C58-1A619BB9C8E1}.Debug|Any CPU.ActiveCfg = Debug|Any CPU
		{A4B9723E-F054-458C-8C58-1A619BB9C8E1}.Debug|Any CPU.Build.0 = Debug|Any CPU
		{A4B9723E-F054-458C-8C58-1A619BB9C8E1}.Debug|x64.ActiveCfg = Debug|Any CPU
		{A4B9723E-F054-458C-8C58-1A619BB9C8E1}.Debug|x64.Build.0 = Debug|Any CPU
		{A4B9723E-F054-458C-8C58-1A619BB9C8E1}.Debug|x86.ActiveCfg = Debug|Any CPU
		{A4B9723E-F054-458C-8C58-1A619BB9C8E1}.Debug|x86.Build.0 = Debug|Any CPU
		{A4B9723E-F054-458C-8C58-1A619BB9C8E1}.Release|Any CPU.ActiveCfg = Release|Any CPU
		{A4B9723E-F054-458C-8C58-1A619BB9C8E1}.Release|Any CPU.Build.0 = Release|Any CPU
		{A4B9723E-F054-458C-8C58-1A619BB9C8E1}.Release|x64.ActiveCfg = Release|Any CPU
		{A4B9723E-F054-458C-8C58-1A619BB9C8E1}.Release|x64.Build.0 = Release|Any CPU
		{A4B9723E-F054-458C-8C58-1A619BB9C8E1}.Release|x86.ActiveCfg = Release|Any CPU
		{A4B9723E-F054-458C-8C58-1A619BB9C8E1}.Release|x86.Build.0 = Release|Any CPU
		{003B133F-351D-47BB-9E0F-7A041A9A1E7D}.Debug|Any CPU.ActiveCfg = Debug|Any CPU
		{003B133F-351D-47BB-9E0F-7A041A9A1E7D}.Debug|Any CPU.Build.0 = Debug|Any CPU
		{003B133F-351D-47BB-9E0F-7A041A9A1E7D}.Debug|x64.ActiveCfg = Debug|Any CPU
		{003B133F-351D-47BB-9E0F-7A041A9A1E7D}.Debug|x64.Build.0 = Debug|Any CPU
		{003B133F-351D-47BB-9E0F-7A041A9A1E7D}.Debug|x86.ActiveCfg = Debug|Any CPU
		{003B133F-351D-47BB-9E0F-7A041A9A1E7D}.Debug|x86.Build.0 = Debug|Any CPU
		{003B133F-351D-47BB-9E0F-7A041A9A1E7D}.Release|Any CPU.ActiveCfg = Release|Any CPU
		{003B133F-351D-47BB-9E0F-7A041A9A1E7D}.Release|Any CPU.Build.0 = Release|Any CPU
		{003B133F-351D-47BB-9E0F-7A041A9A1E7D}.Release|x64.ActiveCfg = Release|Any CPU
		{003B133F-351D-47BB-9E0F-7A041A9A1E7D}.Release|x64.Build.0 = Release|Any CPU
		{003B133F-351D-47BB-9E0F-7A041A9A1E7D}.Release|x86.ActiveCfg = Release|Any CPU
		{003B133F-351D-47BB-9E0F-7A041A9A1E7D}.Release|x86.Build.0 = Release|Any CPU
		{DFD3F42B-65DD-48FA-8A4E-3D382A321B6C}.Debug|Any CPU.ActiveCfg = Debug|Any CPU
		{DFD3F42B-65DD-48FA-8A4E-3D382A321B6C}.Debug|Any CPU.Build.0 = Debug|Any CPU
		{DFD3F42B-65DD-48FA-8A4E-3D382A321B6C}.Debug|x64.ActiveCfg = Debug|Any CPU
		{DFD3F42B-65DD-48FA-8A4E-3D382A321B6C}.Debug|x64.Build.0 = Debug|Any CPU
		{DFD3F42B-65DD-48FA-8A4E-3D382A321B6C}.Debug|x86.ActiveCfg = Debug|Any CPU
		{DFD3F42B-65DD-48FA-8A4E-3D382A321B6C}.Debug|x86.Build.0 = Debug|Any CPU
		{DFD3F42B-65DD-48FA-8A4E-3D382A321B6C}.Release|Any CPU.ActiveCfg = Release|Any CPU
		{DFD3F42B-65DD-48FA-8A4E-3D382A321B6C}.Release|Any CPU.Build.0 = Release|Any CPU
		{DFD3F42B-65DD-48FA-8A4E-3D382A321B6C}.Release|x64.ActiveCfg = Release|Any CPU
		{DFD3F42B-65DD-48FA-8A4E-3D382A321B6C}.Release|x64.Build.0 = Release|Any CPU
		{DFD3F42B-65DD-48FA-8A4E-3D382A321B6C}.Release|x86.ActiveCfg = Release|Any CPU
		{DFD3F42B-65DD-48FA-8A4E-3D382A321B6C}.Release|x86.Build.0 = Release|Any CPU
		{3514869E-B86B-4A94-B753-77F45D4EDEAA}.Debug|Any CPU.ActiveCfg = Debug|Any CPU
		{3514869E-B86B-4A94-B753-77F45D4EDEAA}.Debug|Any CPU.Build.0 = Debug|Any CPU
		{3514869E-B86B-4A94-B753-77F45D4EDEAA}.Debug|x64.ActiveCfg = Debug|Any CPU
		{3514869E-B86B-4A94-B753-77F45D4EDEAA}.Debug|x64.Build.0 = Debug|Any CPU
		{3514869E-B86B-4A94-B753-77F45D4EDEAA}.Debug|x86.ActiveCfg = Debug|Any CPU
		{3514869E-B86B-4A94-B753-77F45D4EDEAA}.Debug|x86.Build.0 = Debug|Any CPU
		{3514869E-B86B-4A94-B753-77F45D4EDEAA}.Release|Any CPU.ActiveCfg = Release|Any CPU
		{3514869E-B86B-4A94-B753-77F45D4EDEAA}.Release|Any CPU.Build.0 = Release|Any CPU
		{3514869E-B86B-4A94-B753-77F45D4EDEAA}.Release|x64.ActiveCfg = Release|Any CPU
		{3514869E-B86B-4A94-B753-77F45D4EDEAA}.Release|x64.Build.0 = Release|Any CPU
		{3514869E-B86B-4A94-B753-77F45D4EDEAA}.Release|x86.ActiveCfg = Release|Any CPU
		{3514869E-B86B-4A94-B753-77F45D4EDEAA}.Release|x86.Build.0 = Release|Any CPU
	EndGlobalSection
	GlobalSection(SolutionProperties) = preSolution
		HideSolutionNode = FALSE
	EndGlobalSection
EndGlobal
